
Microsoft Visual Studio Solution File, Format Version 12.00
# Visual Studio Version 17
VisualStudioVersion = 17.9.34723.18
MinimumVisualStudioVersion = 10.0.40219.1
Project("{FAE04EC0-301F-11D3-BF4B-00C04F79EFBC}") = "ProjectWpfAdoNet", "ProjectWpfAdoNet\ProjectWpfAdoNet.csproj", "{6205C2BE-9035-4E1F-B00C-72069B49E77A}"
EndProject
Global
	GlobalSection(SolutionConfigurationPlatforms) = preSolution
		Debug|Any CPU = Debug|Any CPU
		Release|Any CPU = Release|Any CPU
	EndGlobalSection
	GlobalSection(ProjectConfigurationPlatforms) = postSolution
		{6205C2BE-9035-4E1F-B00C-72069B49E77A}.Debug|Any CPU.ActiveCfg = Debug|Any CPU
		{6205C2BE-9035-4E1F-B00C-72069B49E77A}.Debug|Any CPU.Build.0 = Debug|Any CPU
		{6205C2BE-9035-4E1F-B00C-72069B49E77A}.Release|Any CPU.ActiveCfg = Release|Any CPU
		{6205C2BE-9035-4E1F-B00C-72069B49E77A}.Release|Any CPU.Build.0 = Release|Any CPU
	EndGlobalSection
	GlobalSection(SolutionProperties) = preSolution
		HideSolutionNode = FALSE
	EndGlobalSection
	GlobalSection(ExtensibilityGlobals) = postSolution
		SolutionGuid = {DBC636F1-00A4-4221-957A-5785FC8EC234}
	EndGlobalSection
EndGlobal
